PODS:
  - AFNetworking (3.2.1):
    - AFNetworking/NSURLSession (= 3.2.1)
    - AFNetworking/Reachability (= 3.2.1)
    - AFNetworking/Security (= 3.2.1)
    - AFNetworking/Serialization (= 3.2.1)
    - AFNetworking/UIKit (= 3.2.1)
  - AFNetworking/NSURLSession (3.2.1):
    - AFNetworking/Reachability
    - AFNetworking/Security
    - AFNetworking/Serialization
  - AFNetworking/Reachability (3.2.1)
  - AFNetworking/Security (3.2.1)
  - AFNetworking/Serialization (3.2.1)
  - AFNetworking/UIKit (3.2.1):
    - AFNetworking/NSURLSession
  - AlipaySDK-iOS (15.6.8)
  - BlocksKit (2.2.5):
    - BlocksKit/All (= 2.2.5)
  - BlocksKit/All (2.2.5):
    - BlocksKit/Core
    - BlocksKit/DynamicDelegate
    - BlocksKit/MessageUI
    - BlocksKit/UIKit
  - BlocksKit/Core (2.2.5)
  - BlocksKit/DynamicDelegate (2.2.5)
  - BlocksKit/MessageUI (2.2.5):
    - BlocksKit/Core
    - BlocksKit/DynamicDelegate
  - BlocksKit/UIKit (2.2.5):
    - BlocksKit/Core
    - BlocksKit/DynamicDelegate
  - CocoaLumberjack (3.5.3):
    - CocoaLumberjack/Core (= 3.5.3)
  - CocoaLumberjack/Core (3.5.3)
  - DoraemonKit/Core (3.0.1)
  - DoraemonKit/WithDatabase (3.0.1):
    - DoraemonKit/Core
    - YYDebugDatabase
  - DoraemonKit/WithGPS (3.0.1):
    - DoraemonKit/Core
  - DoraemonKit/WithLoad (3.0.1):
    - DoraemonKit/Core
  - DoraemonKit/WithMLeaksFinder (3.0.1):
    - DoraemonKit/Core
  - DoraemonKit/WithWeex (3.0.1):
    - DoraemonKit/Core
    - WeexSDK
    - WXDevtool
  - DZNEmptyDataSet (1.8.1)
  - FMDB (2.7.5):
    - FMDB/standard (= 2.7.5)
  - FMDB/standard (2.7.5)
  - "FontAwesome+iOS (0.0.1)"
  - GCDWebServer (3.5.4):
    - GCDWebServer/Core (= 3.5.4)
  - GCDWebServer/Core (3.5.4)
  - IQKeyboardManager (6.4.0)
  - Masonry (1.1.0)
  - MBProgressHUD (1.1.0)
  - MJRefresh (3.3.1)
  - MMLayout (0.3.0)
  - Protobuf (3.11.4)
  - Reachability (3.2)
  - SDCycleScrollView (1.80):
    - SDWebImage (>= 5.0.0)
  - SDWebImage (5.0.6):
    - SDWebImage/Core (= 5.0.6)
  - SDWebImage/Core (5.0.6)
  - SocketRocket (0.5.1)
  - SSZipArchive (2.2.2)
  - SuperPlayer (3.2.2):
    - AFNetworking
    - Masonry
    - MMLayout
    - SDWebImage
    - SuperPlayer/Player (= 3.2.2)
  - SuperPlayer/Player (3.2.2):
    - AFNetworking
    - Masonry
    - MMLayout
    - SDWebImage
    - TXLiteAVSDK_Player (= 7.1.8775)
  - SVGAPlayer (2.5.2):
    - SVGAPlayer/Core (= 2.5.2)
    - SVGAPlayer/ProtoFiles (= 2.5.2)
  - SVGAPlayer/Core (2.5.2):
    - SSZipArchive (>= 1.8.1)
    - SVGAPlayer/ProtoFiles
  - SVGAPlayer/ProtoFiles (2.5.2):
    - Protobuf (~> 3.4)
  - TXLiteAVSDK_Player (7.1.8775)
  - UGBox/all (1.1.1):
    - UGBox/common
    - UGBox/copy
    - UGBox/defualCell
    - UGBox/welcom
  - UGBox/base (1.1.1):
    - BlocksKit
    - Masonry
    - MBProgressHUD
    - SDWebImage
  - UGBox/common (1.1.1)
  - UGBox/copy (1.1.1):
    - UGBox/base
    - UGBox/common
  - UGBox/defualCell (1.1.1):
    - UGBox/base
    - UGBox/common
  - UGBox/welcom (1.1.1):
    - SDWebImage
    - SuperPlayer
    - SVGAPlayer
    - UGBox/base
  - WeexSDK (0.28.0)
  - WXDevtool (0.24.0):
    - SocketRocket
    - WeexSDK
  - YYDebugDatabase (2.0.8):
    - FMDB
    - GCDWebServer
  - YYKit (1.0.9):
    - YYKit/no-arc (= 1.0.9)
  - YYKit/no-arc (1.0.9)

DEPENDENCIES:
  - AFNetworking
  - AlipaySDK-iOS
  - BlocksKit
  - CocoaLumberjack
  - DoraemonKit/Core (from `https://gitee.com/yixiangboy/DoraemonKit.git`, tag `3.0.1`)
  - DoraemonKit/WithDatabase (from `https://gitee.com/yixiangboy/DoraemonKit.git`, tag `3.0.1`)
  - DoraemonKit/WithGPS (from `https://gitee.com/yixiangboy/DoraemonKit.git`, tag `3.0.1`)
  - DoraemonKit/WithLoad (from `https://gitee.com/yixiangboy/DoraemonKit.git`, tag `3.0.1`)
  - DoraemonKit/WithMLeaksFinder (from `https://gitee.com/yixiangboy/DoraemonKit.git`, tag `3.0.1`)
  - DoraemonKit/WithWeex (from `https://gitee.com/yixiangboy/DoraemonKit.git`, tag `3.0.1`)
  - DZNEmptyDataSet
  - "FontAwesome+iOS (from `https://github.com/alexdrone/ios-fontawesome`)"
  - IQKeyboardManager
  - Masonry
  - MBProgressHUD (~> 1.1.0)
  - MJRefresh
  - Reachability
  - SDCycleScrollView
  - SDWebImage
  - SuperPlayer
  - UGBox/all (from `https://gitee.com/UbunGit/UGOCMagicbox.git`)
  - YYKit

SPEC REPOS:
  https://github.com/CocoaPods/Specs.git:
    - AFNetworking
    - AlipaySDK-iOS
    - BlocksKit
    - CocoaLumberjack
    - DZNEmptyDataSet
    - FMDB
    - GCDWebServer
    - IQKeyboardManager
    - Masonry
    - MBProgressHUD
    - MJRefresh
    - MMLayout
    - Protobuf
    - Reachability
    - SDCycleScrollView
    - SDWebImage
    - SocketRocket
    - SSZipArchive
    - SuperPlayer
    - SVGAPlayer
    - TXLiteAVSDK_Player
    - WeexSDK
    - WXDevtool
    - YYDebugDatabase
    - YYKit

EXTERNAL SOURCES:
  DoraemonKit:
    :git: https://gitee.com/yixiangboy/DoraemonKit.git
    :tag: 3.0.1
  "FontAwesome+iOS":
    :git: https://github.com/alexdrone/ios-fontawesome
  UGBox:
    :git: https://gitee.com/UbunGit/UGOCMagicbox.git

CHECKOUT OPTIONS:
  DoraemonKit:
    :git: https://gitee.com/yixiangboy/DoraemonKit.git
    :tag: 3.0.1
  "FontAwesome+iOS":
    :commit: 3ef4db504ffde636c1f8a5320f1e5b6183f6102c
    :git: https://github.com/alexdrone/ios-fontawesome
  UGBox:
    :commit: 952e022e05402b3332ae4bf09f8e3c54acb97e73
    :git: https://gitee.com/UbunGit/UGOCMagicbox.git

SPEC CHECKSUMS:
  AFNetworking: b6f891fdfaed196b46c7a83cf209e09697b94057
  AlipaySDK-iOS: 703a55774a37f412410ab04af96c011b91ec58cb
  BlocksKit: 7f422b971407001178d181a43b99014ea2591fe6
  CocoaLumberjack: 2f44e60eb91c176d471fdba43b9e3eae6a721947
  DoraemonKit: 9ea3bc27cba90467eda5363ecd98d65d21d98347
  DZNEmptyDataSet: 9525833b9e68ac21c30253e1d3d7076cc828eaa7
  FMDB: 2ce00b547f966261cd18927a3ddb07cb6f3db82a
  "FontAwesome+iOS": c6d3bbd2856b9633028d316d56133d45fb6a6cb0
  GCDWebServer: 2c156a56c8226e2d5c0c3f208a3621ccffbe3ce4
  IQKeyboardManager: fcef267266379c003181fc3592f6bdb8bf4db839
  Masonry: 678fab65091a9290e40e2832a55e7ab731aad201
  MBProgressHUD: e7baa36a220447d8aeb12769bf0585582f3866d9
  MJRefresh: eeda70fbf0ad277f3178cef1cd0c3532591d6237
  MMLayout: d559edecd69fbcb348368ba90917e047ab1c544e
  Protobuf: 176220c526ad8bd09ab1fb40a978eac3fef665f7
  Reachability: 33e18b67625424e47b6cde6d202dce689ad7af96
  SDCycleScrollView: b3c9a5ed840c771c4938978174c7c9d9feefeb96
  SDWebImage: 920f1a2ff1ca8296ad34f6e0510a1ef1d70ac965
  SocketRocket: d57c7159b83c3c6655745cd15302aa24b6bae531
  SSZipArchive: fa16b8cc4cdeceb698e5e5d9f67e9558532fbf23
  SuperPlayer: 8572ea30d64c5cbb476177992527fec0a234271e
  SVGAPlayer: c666a7886b72ee77d494c49aa4fd61df175dd103
  TXLiteAVSDK_Player: 66ec5d2007064e4ff6205e5bd2b9e1cc1dc5f643
  UGBox: b8cec86d5842e305b258e8d0f00e561193d7a9e0
  WeexSDK: 78861d2f8b78f67e30580c15a54f5b420456db39
  WXDevtool: 95b70c73c06fc3299d65bd53ba4b3e0b0087f3cb
  YYDebugDatabase: 037486297a7dd40bc50e2c6df5de7b4ad24c9c17
  YYKit: 7cda43304a8dc3696c449041e2cb3107b4e236e7

PODFILE CHECKSUM: 20f15352817ac1cd92be5f33e0402df78d5b6a04

COCOAPODS: 1.8.4
