// !$*UTF8*$!
{
	archiveVersion = 1;
	classes = {
	};
	objectVersion = 50;
	objects = {

/* Begin PBXBuildFile section */
		84FBC888241F7E87006926E3 /* AppDelegate.m in Sources */ = {isa = PBXBuildFile; fileRef = 84FBC887241F7E87006926E3 /* AppDelegate.m */; };
		84FBC88B241F7E87006926E3 /* SceneDelegate.m in Sources */ = {isa = PBXBuildFile; fileRef = 84FBC88A241F7E87006926E3 /* SceneDelegate.m */; };
		84FBC88E241F7E87006926E3 /* ViewController.m in Sources */ = {isa = PBXBuildFile; fileRef = 84FBC88D241F7E87006926E3 /* ViewController.m */; };
		84FBC891241F7E87006926E3 /* Main.storyboard in Resources */ = {isa = PBXBuildFile; fileRef = 84FBC88F241F7E87006926E3 /* Main.storyboard */; };
		84FBC893241F7E8C006926E3 /* Assets.xcassets in Resources */ = {isa = PBXBuildFile; fileRef = 84FBC892241F7E8C006926E3 /* Assets.xcassets */; };
		84FBC896241F7E8C006926E3 /* LaunchScreen.storyboard in Resources */ = {isa = PBXBuildFile; fileRef = 84FBC894241F7E8C006926E3 /* LaunchScreen.storyboard */; };
		84FBC899241F7E8C006926E3 /* main.m in Sources */ = {isa = PBXBuildFile; fileRef = 84FBC898241F7E8C006926E3 /* main.m */; };
/* End PBXBuildFile section */

/* Begin PBXFileReference section */
		84FBC883241F7E87006926E3 /* BusinseeLifeBox.app */ = {isa = PBXFileReference; explicitFileType = wrapper.application; includeInIndex = 0; path = BusinseeLifeBox.app; sourceTree = BUILT_PRODUCTS_DIR; };
		84FBC886241F7E87006926E3 /* AppDelegate.h */ = {isa = PBXFileReference; lastKnownFileType = sourcecode.c.h; path = AppDelegate.h; sourceTree = "<group>"; };
		84FBC887241F7E87006926E3 /* AppDelegate.m */ = {isa = PBXFileReference; lastKnownFileType = sourcecode.c.objc; path = AppDelegate.m; sourceTree = "<group>"; };
		84FBC889241F7E87006926E3 /* SceneDelegate.h */ = {isa = PBXFileReference; lastKnownFileType = sourcecode.c.h; path = SceneDelegate.h; sourceTree = "<group>"; };
		84FBC88A241F7E87006926E3 /* SceneDelegate.m */ = {isa = PBXFileReference; lastKnownFileType = sourcecode.c.objc; path = SceneDelegate.m; sourceTree = "<group>"; };
		84FBC88C241F7E87006926E3 /* ViewController.h */ = {isa = PBXFileReference; lastKnownFileType = sourcecode.c.h; path = ViewController.h; sourceTree = "<group>"; };
		84FBC88D241F7E87006926E3 /* ViewController.m */ = {isa = PBXFileReference; lastKnownFileType = sourcecode.c.objc; path = ViewController.m; sourceTree = "<group>"; };
		84FBC890241F7E87006926E3 /* Base */ = {isa = PBXFileReference; lastKnownFileType = file.storyboard; name = Base; path = Base.lproj/Main.storyboard; sourceTree = "<group>"; };
		84FBC892241F7E8C006926E3 /* Assets.xcassets */ = {isa = PBXFileReference; lastKnownFileType = folder.assetcatalog; path = Assets.xcassets; sourceTree = "<group>"; };
		84FBC895241F7E8C006926E3 /* Base */ = {isa = PBXFileReference; lastKnownFileType = file.storyboard; name = Base; path = Base.lproj/LaunchScreen.storyboard; sourceTree = "<group>"; };
		84FBC897241F7E8C006926E3 /* Info.plist */ = {isa = PBXFileReference; lastKnownFileType = text.plist.xml; path = Info.plist; sourceTree = "<group>"; };
		84FBC898241F7E8C006926E3 /* main.m */ = {isa = PBXFileReference; lastKnownFileType = sourcecode.c.objc; path = main.m; sourceTree = "<group>"; };
/* End PBXFileReference section */

/* Begin PBXFrameworksBuildPhase section */
		84FBC880241F7E87006926E3 /* Frameworks */ = {
			isa = PBXFrameworksBuildPhase;
			buildActionMask = 2147483647;
			files = (
			);
			runOnlyForDeploymentPostprocessing = 0;
		};
/* End PBXFrameworksBuildPhase section */

/* Begin PBXGroup section */
		84FBC87A241F7E87006926E3 = {
			isa = PBXGroup;
			children = (
				84FBC885241F7E87006926E3 /* BusinseeLifeBox */,
				84FBC884241F7E87006926E3 /* Products */,
			);
			sourceTree = "<group>";
		};
		84FBC884241F7E87006926E3 /* Products */ = {
			isa = PBXGroup;
			children = (
				84FBC883241F7E87006926E3 /* BusinseeLifeBox.app */,
			);
			name = Products;
			sourceTree = "<group>";
		};
		84FBC885241F7E87006926E3 /* BusinseeLifeBox */ = {
			isa = PBXGroup;
			children = (
				84FBC886241F7E87006926E3 /* AppDelegate.h */,
				84FBC887241F7E87006926E3 /* AppDelegate.m */,
				84FBC889241F7E87006926E3 /* SceneDelegate.h */,
				84FBC88A241F7E87006926E3 /* SceneDelegate.m */,
				84FBC88C241F7E87006926E3 /* ViewController.h */,
				84FBC88D241F7E87006926E3 /* ViewController.m */,
				84FBC88F241F7E87006926E3 /* Main.storyboard */,
				84FBC892241F7E8C006926E3 /* Assets.xcassets */,
				84FBC894241F7E8C006926E3 /* LaunchScreen.storyboard */,
				84FBC897241F7E8C006926E3 /* Info.plist */,
				84FBC898241F7E8C006926E3 /* main.m */,
			);
			path = BusinseeLifeBox;
			sourceTree = "<group>";
		};
/* End PBXGroup section */

/* Begin PBXNativeTarget section */
		84FBC882241F7E87006926E3 /* BusinseeLifeBox */ = {
			isa = PBXNativeTarget;
			buildConfigurationList = 84FBC89C241F7E8C006926E3 /* Build configuration list for PBXNativeTarget "BusinseeLifeBox" */;
			buildPhases = (
				84FBC87F241F7E87006926E3 /* Sources */,
				84FBC880241F7E87006926E3 /* Frameworks */,
				84FBC881241F7E87006926E3 /* Resources */,
			);
			buildRules = (
			);
			dependencies = (
			);
			name = BusinseeLifeBox;
			productName = BusinseeLifeBox;
			productReference = 84FBC883241F7E87006926E3 /* BusinseeLifeBox.app */;
			productType = "com.apple.product-type.application";
		};
/* End PBXNativeTarget section */

/* Begin PBXProject section */
		84FBC87B241F7E87006926E3 /* Project object */ = {
			isa = PBXProject;
			attributes = {
				LastUpgradeCheck = 1130;
				ORGANIZATIONNAME = admin;
				TargetAttributes = {
					84FBC882241F7E87006926E3 = {
						CreatedOnToolsVersion = 11.3.1;
					};
				};
			};
			buildConfigurationList = 84FBC87E241F7E87006926E3 /* Build configuration list for PBXProject "BusinseeLifeBox" */;
			compatibilityVersion = "Xcode 9.3";
			developmentRegion = en;
			hasScannedForEncodings = 0;
			knownRegions = (
				en,
				Base,
			);
			mainGroup = 84FBC87A241F7E87006926E3;
			productRefGroup = 84FBC884241F7E87006926E3 /* Products */;
			projectDirPath = "";
			projectRoot = "";
			targets = (
				84FBC882241F7E87006926E3 /* BusinseeLifeBox */,
			);
		};
/* End PBXProject section */

/* Begin PBXResourcesBuildPhase section */
		84FBC881241F7E87006926E3 /* Resources */ = {
			isa = PBXResourcesBuildPhase;
			buildActionMask = 2147483647;
			files = (
				84FBC896241F7E8C006926E3 /* LaunchScreen.storyboard in Resources */,
				84FBC893241F7E8C006926E3 /* Assets.xcassets in Resources */,
				84FBC891241F7E87006926E3 /* Main.storyboard in Resources */,
			);
			runOnlyForDeploymentPostprocessing = 0;
		};
/* End PBXResourcesBuildPhase section */

/* Begin PBXSourcesBuildPhase section */
		84FBC87F241F7E87006926E3 /* Sources */ = {
			isa = PBXSourcesBuildPhase;
			buildActionMask = 2147483647;
			files = (
				84FBC88E241F7E87006926E3 /* ViewController.m in Sources */,
				84FBC888241F7E87006926E3 /* AppDelegate.m in Sources */,
				84FBC899241F7E8C006926E3 /* main.m in Sources */,
				84FBC88B241F7E87006926E3 /* SceneDelegate.m in Sources */,
			);
			runOnlyForDeploymentPostprocessing = 0;
		};
/* End PBXSourcesBuildPhase section */

/* Begin PBXVariantGroup section */
		84FBC88F241F7E87006926E3 /* Main.storyboard */ = {
			isa = PBXVariantGroup;
			children = (
				84FBC890241F7E87006926E3 /* Base */,
			);
			name = Main.storyboard;
			sourceTree = "<group>";
		};
		84FBC894241F7E8C006926E3 /* LaunchScreen.storyboard */ = {
			isa = PBXVariantGroup;
			children = (
				84FBC895241F7E8C006926E3 /* Base */,
			);
			name = LaunchScreen.storyboard;
			sourceTree = "<group>";
		};
/* End PBXVariantGroup section */

/* Begin XCBuildConfiguration section */
		84FBC89A241F7E8C006926E3 /* Debug */ = {
			isa = XCBuildConfiguration;
			buildSettings = {
				ALWAYS_SEARCH_USER_PATHS = NO;
				CLANG_ANALYZER_NONNULL = YES;
				CLANG_ANALYZER_NUMBER_OBJECT_CONVERSION = YES_AGGRESSIVE;
				CLANG_CXX_LANGUAGE_STANDARD = "gnu++14";
				CLANG_CXX_LIBRARY = "libc++";
				CLANG_ENABLE_MODULES = YES;
				CLANG_ENABLE_OBJC_ARC = YES;
				CLANG_ENABLE_OBJC_WEAK = YES;
				CLANG_WARN_BLOCK_CAPTURE_AUTORELEASING = YES;
				CLANG_WARN_BOOL_CONVERSION = YES;
				CLANG_WARN_COMMA = YES;
				CLANG_WARN_CONSTANT_CONVERSION = YES;
				CLANG_WARN_DEPRECATED_OBJC_IMPLEMENTATIONS = YES;
				CLANG_WARN_DIRECT_OBJC_ISA_USAGE = YES_ERROR;
				CLANG_WARN_DOCUMENTATION_COMMENTS = YES;
				CLANG_WARN_EMPTY_BODY = YES;
				CLANG_WARN_ENUM_CONVERSION = YES;
				CLANG_WARN_INFINITE_RECURSION = YES;
				CLANG_WARN_INT_CONVERSION = YES;
				CLANG_WARN_NON_LITERAL_NULL_CONVERSION = YES;
				CLANG_WARN_OBJC_IMPLICIT_RETAIN_SELF = YES;
				CLANG_WARN_OBJC_LITERAL_CONVERSION = YES;
				CLANG_WARN_OBJC_ROOT_CLASS = YES_ERROR;
				CLANG_WARN_RANGE_LOOP_ANALYSIS = YES;
				CLANG_WARN_STRICT_PROTOTYPES = YES;
				CLANG_WARN_SUSPICIOUS_MOVE = YES;
				CLANG_WARN_UNGUARDED_AVAILABILITY = YES_AGGRESSIVE;
				CLANG_WARN_UNREACHABLE_CODE = YES;
				CLANG_WARN__DUPLICATE_METHOD_MATCH = YES;
				COPY_PHASE_STRIP = NO;
				DEBUG_INFORMATION_FORMAT = dwarf;
				ENABLE_STRICT_OBJC_MSGSEND = YES;
				ENABLE_TESTABILITY = YES;
				GCC_C_LANGUAGE_STANDARD = gnu11;
				GCC_DYNAMIC_NO_PIC = NO;
				GCC_NO_COMMON_BLOCKS = YES;
				GCC_OPTIMIZATION_LEVEL = 0;
				GCC_PREPROCESSOR_DEFINITIONS = (
					"DEBUG=1",
					"$(inherited)",
				);
				GCC_WARN_64_TO_32_BIT_CONVERSION = YES;
				GCC_WARN_ABOUT_RETURN_TYPE = YES_ERROR;
				GCC_WARN_UNDECLARED_SELECTOR = YES;
				GCC_WARN_UNINITIALIZED_AUTOS = YES_AGGRESSIVE;
				GCC_WARN_UNUSED_FUNCTION = YES;
				GCC_WARN_UNUSED_VARIABLE = YES;
				IPHONEOS_DEPLOYMENT_TARGET = 13.2;
				MTL_ENABLE_DEBUG_INFO = INCLUDE_SOURCE;
				MTL_FAST_MATH = YES;
				ONLY_ACTIVE_ARCH = YES;
				SDKROOT = iphoneos;
			};
			name = Debug;
		};
		84FBC89B241F7E8C006926E3 /* Release */ = {
			isa = XCBuildConfiguration;
			buildSettings = {
				ALWAYS_SEARCH_USER_PATHS = NO;
				CLANG_ANALYZER_NONNULL = YES;
				CLANG_ANALYZER_NUMBER_OBJECT_CONVERSION = YES_AGGRESSIVE;
				CLANG_CXX_LANGUAGE_STANDARD = "gnu++14";
				CLANG_CXX_LIBRARY = "libc++";
				CLANG_ENABLE_MODULES = YES;
				CLANG_ENABLE_OBJC_ARC = YES;
				CLANG_ENABLE_OBJC_WEAK = YES;
				CLANG_WARN_BLOCK_CAPTURE_AUTORELEASING = YES;
				CLANG_WARN_BOOL_CONVERSION = YES;
				CLANG_WARN_COMMA = YES;
				CLANG_WARN_CONSTANT_CONVERSION = YES;
				CLANG_WARN_DEPRECATED_OBJC_IMPLEMENTATIONS = YES;
				CLANG_WARN_DIRECT_OBJC_ISA_USAGE = YES_ERROR;
				CLANG_WARN_DOCUMENTATION_COMMENTS = YES;
				CLANG_WARN_EMPTY_BODY = YES;
				CLANG_WARN_ENUM_CONVERSION = YES;
				CLANG_WARN_INFINITE_RECURSION = YES;
				CLANG_WARN_INT_CONVERSION = YES;
				CLANG_WARN_NON_LITERAL_NULL_CONVERSION = YES;
				CLANG_WARN_OBJC_IMPLICIT_RETAIN_SELF = YES;
				CLANG_WARN_OBJC_LITERAL_CONVERSION = YES;
				CLANG_WARN_OBJC_ROOT_CLASS = YES_ERROR;
				CLANG_WARN_RANGE_LOOP_ANALYSIS = YES;
				CLANG_WARN_STRICT_PROTOTYPES = YES;
				CLANG_WARN_SUSPICIOUS_MOVE = YES;
				CLANG_WARN_UNGUARDED_AVAILABILITY = YES_AGGRESSIVE;
				CLANG_WARN_UNREACHABLE_CODE = YES;
				CLANG_WARN__DUPLICATE_METHOD_MATCH = YES;
				COPY_PHASE_STRIP = NO;
				DEBUG_INFORMATION_FORMAT = "dwarf-with-dsym";
				ENABLE_NS_ASSERTIONS = NO;
				ENABLE_STRICT_OBJC_MSGSEND = YES;
				GCC_C_LANGUAGE_STANDARD = gnu11;
				GCC_NO_COMMON_BLOCKS = YES;
				GCC_WARN_64_TO_32_BIT_CONVERSION = YES;
				GCC_WARN_ABOUT_RETURN_TYPE = YES_ERROR;
				GCC_WARN_UNDECLARED_SELECTOR = YES;
				GCC_WARN_UNINITIALIZED_AUTOS = YES_AGGRESSIVE;
				GCC_WARN_UNUSED_FUNCTION = YES;
				GCC_WARN_UNUSED_VARIABLE = YES;
				IPHONEOS_DEPLOYMENT_TARGET = 13.2;
				MTL_ENABLE_DEBUG_INFO = NO;
				MTL_FAST_MATH = YES;
				SDKROOT = iphoneos;
				VALIDATE_PRODUCT = YES;
			};
			name = Release;
		};
		84FBC89D241F7E8C006926E3 /* Debug */ = {
			isa = XCBuildConfiguration;
			buildSettings = {
				ASSETCATALOG_COMPILER_APPICON_NAME = AppIcon;
				CODE_SIGN_STYLE = Automatic;
				INFOPLIST_FILE = BusinseeLifeBox/Info.plist;
				LD_RUNPATH_SEARCH_PATHS = (
					"$(inherited)",
					"@executable_path/Frameworks",
				);
				PRODUCT_BUNDLE_IDENTIFIER = com.BusinseeLifeBox;
				PRODUCT_NAME = "$(TARGET_NAME)";
				TARGETED_DEVICE_FAMILY = "1,2";
			};
			name = Debug;
		};
		84FBC89E241F7E8C006926E3 /* Release */ = {
			isa = XCBuildConfiguration;
			buildSettings = {
				ASSETCATALOG_COMPILER_APPICON_NAME = AppIcon;
				CODE_SIGN_STYLE = Automatic;
				INFOPLIST_FILE = BusinseeLifeBox/Info.plist;
				LD_RUNPATH_SEARCH_PATHS = (
					"$(inherited)",
					"@executable_path/Frameworks",
				);
				PRODUCT_BUNDLE_IDENTIFIER = com.BusinseeLifeBox;
				PRODUCT_NAME = "$(TARGET_NAME)";
				TARGETED_DEVICE_FAMILY = "1,2";
			};
			name = Release;
		};
/* End XCBuildConfiguration section */

/* Begin XCConfigurationList section */
		84FBC87E241F7E87006926E3 /* Build configuration list for PBXProject "BusinseeLifeBox" */ = {
			isa = XCConfigurationList;
			buildConfigurations = (
				84FBC89A241F7E8C006926E3 /* Debug */,
				84FBC89B241F7E8C006926E3 /* Release */,
			);
			defaultConfigurationIsVisible = 0;
			defaultConfigurationName = Release;
		};
		84FBC89C241F7E8C006926E3 /* Build configuration list for PBXNativeTarget "BusinseeLifeBox" */ = {
			isa = XCConfigurationList;
			buildConfigurations = (
				84FBC89D241F7E8C006926E3 /* Debug */,
				84FBC89E241F7E8C006926E3 /* Release */,
			);
			defaultConfigurationIsVisible = 0;
			defaultConfigurationName = Release;
		};
/* End XCConfigurationList section */
	};
	rootObject = 84FBC87B241F7E87006926E3 /* Project object */;
}
