PODS:
  - AFNetworking (3.2.1):
    - AFNetworking/NSURLSession (= 3.2.1)
    - AFNetworking/Reachability (= 3.2.1)
    - AFNetworking/Security (= 3.2.1)
    - AFNetworking/Serialization (= 3.2.1)
    - AFNetworking/UIKit (= 3.2.1)
  - AFNetworking/NSURLSession (3.2.1):
    - AFNetworking/Reachability
    - AFNetworking/Security
    - AFNetworking/Serialization
  - AFNetworking/Reachability (3.2.1)
  - AFNetworking/Security (3.2.1)
  - AFNetworking/Serialization (3.2.1)
  - AFNetworking/UIKit (3.2.1):
    - AFNetworking/NSURLSession
  - AlipaySDK-iOS (15.6.8)
  - BlocksKit (2.2.5):
    - BlocksKit/All (= 2.2.5)
  - BlocksKit/All (2.2.5):
    - BlocksKit/Core
    - BlocksKit/DynamicDelegate
    - BlocksKit/MessageUI
    - BlocksKit/UIKit
  - BlocksKit/Core (2.2.5)
  - BlocksKit/DynamicDelegate (2.2.5)
  - BlocksKit/MessageUI (2.2.5):
    - BlocksKit/Core
    - BlocksKit/DynamicDelegate
  - BlocksKit/UIKit (2.2.5):
    - BlocksKit/Core
    - BlocksKit/DynamicDelegate
  - BSBacktraceLogger (0.0.1)
  - Charts (3.4.0):
    - Charts/Core (= 3.4.0)
  - Charts/Core (3.4.0)
  - CocoaLumberjack (3.6.1):
    - CocoaLumberjack/Core (= 3.6.1)
  - CocoaLumberjack/Core (3.6.1)
  - DoraemonKit/Core (2.0.0):
    - BSBacktraceLogger
    - fishhook
  - DoraemonKit/WithDatabase (2.0.0):
    - BSBacktraceLogger
    - DoraemonKit/Core
    - fishhook
    - YYDebugDatabase
  - DoraemonKit/WithGPS (2.0.0):
    - BSBacktraceLogger
    - DoraemonKit/Core
    - fishhook
  - DoraemonKit/WithLoad (2.0.0):
    - BSBacktraceLogger
    - DoraemonKit/Core
    - fishhook
  - DoraemonKit/WithLogger (2.0.0):
    - BSBacktraceLogger
    - CocoaLumberjack
    - DoraemonKit/Core
    - fishhook
  - DZNEmptyDataSet (1.8.1)
  - fishhook (0.2)
  - FMDB (2.7.5):
    - FMDB/standard (= 2.7.5)
  - FMDB/standard (2.7.5)
  - "FontAwesome+iOS (0.0.1)"
  - GCDWebServer (3.5.3):
    - GCDWebServer/Core (= 3.5.3)
  - GCDWebServer/Core (3.5.3)
  - IQKeyboardManager (6.5.5)
  - Masonry (1.1.0)
  - MBProgressHUD (1.1.0)
  - OCBarrage (1.0.5)
  - Reachability (3.2)
  - RTRootNavigationController (0.7.2):
    - RTRootNavigationController/Core (= 0.7.2)
  - RTRootNavigationController/Core (0.7.2)
  - SDCycleScrollView (1.80):
    - SDWebImage (>= 5.0.0)
  - SDWebImage (5.5.2):
    - SDWebImage/Core (= 5.5.2)
  - SDWebImage/Core (5.5.2)
  - TABAnimated (2.2.5):
    - TABAnimated/Core (= 2.2.5)
    - TABAnimated/Reveal (= 2.2.5)
  - TABAnimated/Core (2.2.5)
  - TABAnimated/Reveal (2.2.5):
    - TABAnimated/Core
  - TZImagePickerController (3.3.0)
  - YYDebugDatabase (2.0.7):
    - FMDB
    - GCDWebServer
  - YYKit (1.0.9):
    - YYKit/no-arc (= 1.0.9)
  - YYKit/no-arc (1.0.9)

DEPENDENCIES:
  - AFNetworking
  - AlipaySDK-iOS
  - BlocksKit
  - Charts
  - CocoaLumberjack
  - DoraemonKit/Core
  - DoraemonKit/WithDatabase
  - DoraemonKit/WithGPS
  - DoraemonKit/WithLoad
  - DoraemonKit/WithLogger
  - DZNEmptyDataSet
  - "FontAwesome+iOS (from `https://github.com/alexdrone/ios-fontawesome`)"
  - IQKeyboardManager
  - Masonry
  - MBProgressHUD (~> 1.1.0)
  - OCBarrage
  - Reachability
  - RTRootNavigationController
  - SDCycleScrollView
  - SDWebImage
  - TABAnimated
  - TZImagePickerController
  - YYKit

SPEC REPOS:
  https://github.com/CocoaPods/Specs.git:
    - AFNetworking
    - AlipaySDK-iOS
    - BlocksKit
    - BSBacktraceLogger
    - Charts
    - CocoaLumberjack
    - DoraemonKit
    - DZNEmptyDataSet
    - fishhook
    - FMDB
    - GCDWebServer
    - IQKeyboardManager
    - Masonry
    - MBProgressHUD
    - OCBarrage
    - Reachability
    - RTRootNavigationController
    - SDCycleScrollView
    - SDWebImage
    - TABAnimated
    - TZImagePickerController
    - YYDebugDatabase
    - YYKit

EXTERNAL SOURCES:
  "FontAwesome+iOS":
    :git: https://github.com/alexdrone/ios-fontawesome

CHECKOUT OPTIONS:
  "FontAwesome+iOS":
    :commit: 3ef4db504ffde636c1f8a5320f1e5b6183f6102c
    :git: https://github.com/alexdrone/ios-fontawesome

SPEC CHECKSUMS:
  AFNetworking: b6f891fdfaed196b46c7a83cf209e09697b94057
  AlipaySDK-iOS: 703a55774a37f412410ab04af96c011b91ec58cb
  BlocksKit: 7f422b971407001178d181a43b99014ea2591fe6
  BSBacktraceLogger: 06b983ee93a9f87d957960e9c73d660d5966b447
  Charts: 74c9f256eaf0460c0c416522d1cf8c634ea6b286
  CocoaLumberjack: b17ae15142558d08bbacf69775fa10c4abbebcc9
  DoraemonKit: 9e923599e28d0b61f1c6de4aef2c2d669b30abb7
  DZNEmptyDataSet: 9525833b9e68ac21c30253e1d3d7076cc828eaa7
  fishhook: ea19933abfe8f2f52c55fd8b6e2718467d3ebc89
  FMDB: 2ce00b547f966261cd18927a3ddb07cb6f3db82a
  "FontAwesome+iOS": c6d3bbd2856b9633028d316d56133d45fb6a6cb0
  GCDWebServer: c0ab22c73e1b84f358d1e2f74bf6afd1c60829f2
  IQKeyboardManager: 3a8b9e603f8b0eeaf5f096a1f2b2cfcf121992ef
  Masonry: 678fab65091a9290e40e2832a55e7ab731aad201
  MBProgressHUD: e7baa36a220447d8aeb12769bf0585582f3866d9
  OCBarrage: 5ee1a922afacb2c04739621ccda71872185e2e59
  Reachability: 33e18b67625424e47b6cde6d202dce689ad7af96
  RTRootNavigationController: 8344c2352d6d40fa370d0366efae2c84a945213f
  SDCycleScrollView: b3c9a5ed840c771c4938978174c7c9d9feefeb96
  SDWebImage: 4d5c027c935438f341ed33dbac53ff9f479922ca
  TABAnimated: 578e519350a12ac08ec2ee2c0a2d2120ac13e137
  TZImagePickerController: 57e97774b6d3970abf38619645c7cc1caf257c41
  YYDebugDatabase: c8be8bd85222cc2ced76e93ca06618bab87224d7
  YYKit: 7cda43304a8dc3696c449041e2cb3107b4e236e7

PODFILE CHECKSUM: 993f1d50d3e323e6c0af47ff9b9b949dde6ec8da

COCOAPODS: 1.8.0.beta.1
